
Microsoft Visual Studio Solution File, Format Version 12.00
# Visual Studio Version 17
VisualStudioVersion = 17.2.32526.322
MinimumVisualStudioVersion = 10.0.40219.1
Project("{9A19103F-16F7-4668-BE54-9A1E7A4F7556}") = "sc2fix", "sc2fix\sc2fix.csproj", "{42AF01D0-EB65-4121-8126-0DE3B9AF0980}"
EndProject
Global
	GlobalSection(SolutionConfigurationPlatforms) = preSolution
		Debug|Any CPU = Debug|Any CPU
		Release|Any CPU = Release|Any CPU
	EndGlobalSection
	GlobalSection(ProjectConfigurationPlatforms) = postSolution
		{42AF01D0-EB65-4121-8126-0DE3B9AF0980}.Debug|Any CPU.ActiveCfg = Debug|Any CPU
		{42AF01D0-EB65-4121-8126-0DE3B9AF0980}.Debug|Any CPU.Build.0 = Debug|Any CPU
		{42AF01D0-EB65-4121-8126-0DE3B9AF0980}.Release|Any CPU.ActiveCfg = Release|Any CPU
		{42AF01D0-EB65-4121-8126-0DE3B9AF0980}.Release|Any CPU.Build.0 = Release|Any CPU
	EndGlobalSection
	GlobalSection(SolutionProperties) = preSolution
		HideSolutionNode = FALSE
	EndGlobalSection
	GlobalSection(ExtensibilityGlobals) = postSolution
		SolutionGuid = {4CD1D8B4-1251-4ECD-AE3A-EDA0E6EF8765}
	EndGlobalSection
EndGlobal
